
Microsoft Visual Studio Solution File, Format Version 12.00
# Visual Studio Version 17
VisualStudioVersion = 17.2.32516.85
MinimumVisualStudioVersion = 10.0.40219.1
Project("{FAE04EC0-301F-11D3-BF4B-00C04F79EFBC}") = "kursovaya", "kursovaya\kursovaya.csproj", "{DB60AB3F-2B4A-494B-9B52-93EAE6042C9E}"
EndProject
Global
	GlobalSection(SolutionConfigurationPlatforms) = preSolution
		Debug|Any CPU = Debug|Any CPU
		Release|Any CPU = Release|Any CPU
	EndGlobalSection
	GlobalSection(ProjectConfigurationPlatforms) = postSolution
		{DB60AB3F-2B4A-494B-9B52-93EAE6042C9E}.Debug|Any CPU.ActiveCfg = Debug|Any CPU
		{DB60AB3F-2B4A-494B-9B52-93EAE6042C9E}.Debug|Any CPU.Build.0 = Debug|Any CPU
		{DB60AB3F-2B4A-494B-9B52-93EAE6042C9E}.Release|Any CPU.ActiveCfg = Release|Any CPU
		{DB60AB3F-2B4A-494B-9B52-93EAE6042C9E}.Release|Any CPU.Build.0 = Release|Any CPU
	EndGlobalSection
	GlobalSection(SolutionProperties) = preSolution
		HideSolutionNode = FALSE
	EndGlobalSection
	GlobalSection(ExtensibilityGlobals) = postSolution
		SolutionGuid = {F61F7F2C-7B17-402D-B011-10EFA5937945}
	EndGlobalSection
EndGlobal
